
Microsoft Visual Studio Solution File, Format Version 12.00
# Visual Studio Version 16
VisualStudioVersion = 16.0.30114.105
MinimumVisualStudioVersion = 10.0.40219.1
Project("{FAE04EC0-301F-11D3-BF4B-00C04F79EFBC}") = "Xamarin.AppIntro.Droid", "Xamarin.AppIntro.Droid\Xamarin.AppIntro.Droid.csproj", "{F71E240A-52AB-4F3F-8155-8084BB17DD05}"
EndProject
Project("{FAE04EC0-301F-11D3-BF4B-00C04F79EFBC}") = "Example", "Example\Example.csproj", "{E22CA61C-24CC-4761-9730-B66EAD063045}"
EndProject
Global
	GlobalSection(SolutionConfigurationPlatforms) = preSolution
		Debug|Any CPU = Debug|Any CPU
		Release|Any CPU = Release|Any CPU
	EndGlobalSection
	GlobalSection(ProjectConfigurationPlatforms) = postSolution
		{F71E240A-52AB-4F3F-8155-8084BB17DD05}.Debug|Any CPU.ActiveCfg = Debug|Any CPU
		{F71E240A-52AB-4F3F-8155-8084BB17DD05}.Debug|Any CPU.Build.0 = Debug|Any CPU
		{F71E240A-52AB-4F3F-8155-8084BB17DD05}.Release|Any CPU.ActiveCfg = Release|Any CPU
		{F71E240A-52AB-4F3F-8155-8084BB17DD05}.Release|Any CPU.Build.0 = Release|Any CPU
		{E22CA61C-24CC-4761-9730-B66EAD063045}.Debug|Any CPU.ActiveCfg = Debug|Any CPU
		{E22CA61C-24CC-4761-9730-B66EAD063045}.Debug|Any CPU.Build.0 = Debug|Any CPU
		{E22CA61C-24CC-4761-9730-B66EAD063045}.Debug|Any CPU.Deploy.0 = Debug|Any CPU
		{E22CA61C-24CC-4761-9730-B66EAD063045}.Release|Any CPU.ActiveCfg = Release|Any CPU
		{E22CA61C-24CC-4761-9730-B66EAD063045}.Release|Any CPU.Build.0 = Release|Any CPU
		{E22CA61C-24CC-4761-9730-B66EAD063045}.Release|Any CPU.Deploy.0 = Release|Any CPU
	EndGlobalSection
	GlobalSection(SolutionProperties) = preSolution
		HideSolutionNode = FALSE
	EndGlobalSection
	GlobalSection(ExtensibilityGlobals) = postSolution
		SolutionGuid = {F4EF8FE6-77C2-4428-BF38-23C880B14F2C}
	EndGlobalSection
EndGlobal
